
Microsoft Visual Studio Solution File, Format Version 12.00
# Visual Studio Version 16
VisualStudioVersion = 16.0.31515.178
MinimumVisualStudioVersion = 10.0.40219.1
Project("{9A19103F-16F7-4668-BE54-9A1E7A4F7556}") = "DataServer.Api", "DataServer.Api\DataServer.Api.csproj", "{61188AAF-83E3-4E24-9ECB-120EDBE695B0}"
EndProject
Project("{9A19103F-16F7-4668-BE54-9A1E7A4F7556}") = "DataServer.App", "DataServer.App\DataServer.App.csproj", "{5052A8D9-0EED-4553-A8D9-D71F85D60087}"
EndProject
Project("{9A19103F-16F7-4668-BE54-9A1E7A4F7556}") = "DataServer.Domain", "DataServer.Domain\DataServer.Domain.csproj", "{9E3F5CFB-CE25-4C1C-B624-28F48B975C1D}"
EndProject
Project("{9A19103F-16F7-4668-BE54-9A1E7A4F7556}") = "DataServer.Infrastructure", "DataServer.Infrastructure\DataServer.Infrastructure.csproj", "{7AFF4545-0C4F-47FD-A349-37DA29A2C96D}"
EndProject
Project("{2150E333-8FDC-42A3-9474-1A3956D46DE8}") = "Client", "Client", "{1B0AAE4F-306B-468C-BD3D-F46A2F99FB6D}"
EndProject
Project("{9A19103F-16F7-4668-BE54-9A1E7A4F7556}") = "DataServer.Clients.Compass", "DataServer.Clients.Compass\DataServer.Clients.Compass.csproj", "{D9243454-78A1-4AF6-B50C-8CA05FCB8A7E}"
EndProject
Project("{9A19103F-16F7-4668-BE54-9A1E7A4F7556}") = "DataServer.ClientLibrary", "DataServer.ClientLibrary\DataServer.ClientLibrary.csproj", "{54001FCA-9036-44C1-94C1-B738179F9FDB}"
EndProject
Project("{9A19103F-16F7-4668-BE54-9A1E7A4F7556}") = "DataServer.Clients.Navigation", "DataServer.Clients.Navigation\DataServer.Clients.Navigation.csproj", "{59B7C168-E24F-4E35-AEAD-9927E964198F}"
EndProject
Global
	GlobalSection(SolutionConfigurationPlatforms) = preSolution
		Debug|Any CPU = Debug|Any CPU
		Release|Any CPU = Release|Any CPU
	EndGlobalSection
	GlobalSection(ProjectConfigurationPlatforms) = postSolution
		{61188AAF-83E3-4E24-9ECB-120EDBE695B0}.Debug|Any CPU.ActiveCfg = Debug|Any CPU
		{61188AAF-83E3-4E24-9ECB-120EDBE695B0}.Debug|Any CPU.Build.0 = Debug|Any CPU
		{61188AAF-83E3-4E24-9ECB-120EDBE695B0}.Release|Any CPU.ActiveCfg = Release|Any CPU
		{61188AAF-83E3-4E24-9ECB-120EDBE695B0}.Release|Any CPU.Build.0 = Release|Any CPU
		{5052A8D9-0EED-4553-A8D9-D71F85D60087}.Debug|Any CPU.ActiveCfg = Debug|Any CPU
		{5052A8D9-0EED-4553-A8D9-D71F85D60087}.Debug|Any CPU.Build.0 = Debug|Any CPU
		{5052A8D9-0EED-4553-A8D9-D71F85D60087}.Release|Any CPU.ActiveCfg = Release|Any CPU
		{5052A8D9-0EED-4553-A8D9-D71F85D60087}.Release|Any CPU.Build.0 = Release|Any CPU
		{9E3F5CFB-CE25-4C1C-B624-28F48B975C1D}.Debug|Any CPU.ActiveCfg = Debug|Any CPU
		{9E3F5CFB-CE25-4C1C-B624-28F48B975C1D}.Debug|Any CPU.Build.0 = Debug|Any CPU
		{9E3F5CFB-CE25-4C1C-B624-28F48B975C1D}.Release|Any CPU.ActiveCfg = Release|Any CPU
		{9E3F5CFB-CE25-4C1C-B624-28F48B975C1D}.Release|Any CPU.Build.0 = Release|Any CPU
		{7AFF4545-0C4F-47FD-A349-37DA29A2C96D}.Debug|Any CPU.ActiveCfg = Debug|Any CPU
		{7AFF4545-0C4F-47FD-A349-37DA29A2C96D}.Debug|Any CPU.Build.0 = Debug|Any CPU
		{7AFF4545-0C4F-47FD-A349-37DA29A2C96D}.Release|Any CPU.ActiveCfg = Release|Any CPU
		{7AFF4545-0C4F-47FD-A349-37DA29A2C96D}.Release|Any CPU.Build.0 = Release|Any CPU
		{D9243454-78A1-4AF6-B50C-8CA05FCB8A7E}.Debug|Any CPU.ActiveCfg = Debug|Any CPU
		{D9243454-78A1-4AF6-B50C-8CA05FCB8A7E}.Debug|Any CPU.Build.0 = Debug|Any CPU
		{D9243454-78A1-4AF6-B50C-8CA05FCB8A7E}.Release|Any CPU.ActiveCfg = Release|Any CPU
		{D9243454-78A1-4AF6-B50C-8CA05FCB8A7E}.Release|Any CPU.Build.0 = Release|Any CPU
		{54001FCA-9036-44C1-94C1-B738179F9FDB}.Debug|Any CPU.ActiveCfg = Debug|Any CPU
		{54001FCA-9036-44C1-94C1-B738179F9FDB}.Debug|Any CPU.Build.0 = Debug|Any CPU
		{54001FCA-9036-44C1-94C1-B738179F9FDB}.Release|Any CPU.ActiveCfg = Release|Any CPU
		{54001FCA-9036-44C1-94C1-B738179F9FDB}.Release|Any CPU.Build.0 = Release|Any CPU
		{59B7C168-E24F-4E35-AEAD-9927E964198F}.Debug|Any CPU.ActiveCfg = Debug|Any CPU
		{59B7C168-E24F-4E35-AEAD-9927E964198F}.Debug|Any CPU.Build.0 = Debug|Any CPU
		{59B7C168-E24F-4E35-AEAD-9927E964198F}.Release|Any CPU.ActiveCfg = Release|Any CPU
		{59B7C168-E24F-4E35-AEAD-9927E964198F}.Release|Any CPU.Build.0 = Release|Any CPU
	EndGlobalSection
	GlobalSection(SolutionProperties) = preSolution
		HideSolutionNode = FALSE
	EndGlobalSection
	GlobalSection(NestedProjects) = preSolution
		{D9243454-78A1-4AF6-B50C-8CA05FCB8A7E} = {1B0AAE4F-306B-468C-BD3D-F46A2F99FB6D}
		{54001FCA-9036-44C1-94C1-B738179F9FDB} = {1B0AAE4F-306B-468C-BD3D-F46A2F99FB6D}
		{59B7C168-E24F-4E35-AEAD-9927E964198F} = {1B0AAE4F-306B-468C-BD3D-F46A2F99FB6D}
	EndGlobalSection
	GlobalSection(ExtensibilityGlobals) = postSolution
		SolutionGuid = {9CCF0D45-9484-44A8-8735-93F5FC543768}
	EndGlobalSection
EndGlobal
